
Microsoft Visual Studio Solution File, Format Version 12.00
# Visual Studio Version 17
VisualStudioVersion = 17.14.36518.9 d17.14
MinimumVisualStudioVersion = 10.0.40219.1
Project("{FAE04EC0-301F-11D3-BF4B-00C04F79EFBC}") = "HMS00", "HMS00\HMS00.csproj", "{D91ECA66-9618-4142-A14A-92EC3AB0FB59}"
EndProject
Global
	GlobalSection(SolutionConfigurationPlatforms) = preSolution
		Debug|Any CPU = Debug|Any CPU
		Release|Any CPU = Release|Any CPU
	EndGlobalSection
	GlobalSection(ProjectConfigurationPlatforms) = postSolution
		{D91ECA66-9618-4142-A14A-92EC3AB0FB59}.Debug|Any CPU.ActiveCfg = Debug|Any CPU
		{D91ECA66-9618-4142-A14A-92EC3AB0FB59}.Debug|Any CPU.Build.0 = Debug|Any CPU
		{D91ECA66-9618-4142-A14A-92EC3AB0FB59}.Release|Any CPU.ActiveCfg = Release|Any CPU
		{D91ECA66-9618-4142-A14A-92EC3AB0FB59}.Release|Any CPU.Build.0 = Release|Any CPU
	EndGlobalSection
	GlobalSection(SolutionProperties) = preSolution
		HideSolutionNode = FALSE
	EndGlobalSection
	GlobalSection(ExtensibilityGlobals) = postSolution
		SolutionGuid = {1ECA0812-93D4-471C-AE63-F86BDB130B82}
	EndGlobalSection
EndGlobal
